
Microsoft Visual Studio Solution File, Format Version 12.00
# Visual Studio 15
VisualStudioVersion = 15.0.28010.2046
MinimumVisualStudioVersion = 10.0.40219.1
Project("{8BC9CEB8-8B4A-11D0-8D11-00A0C91BC942}") = "Project10", "Project10\Project10.vcxproj", "{63501A19-B7AF-471B-8794-254166FF1A50}"
EndProject
Global
	GlobalSection(SolutionConfigurationPlatforms) = preSolution
		Debug|x64 = Debug|x64
		Debug|x86 = Debug|x86
		Release|x64 = Release|x64
		Release|x86 = Release|x86
	EndGlobalSection
	GlobalSection(ProjectConfigurationPlatforms) = postSolution
		{63501A19-B7AF-471B-8794-254166FF1A50}.Debug|x64.ActiveCfg = Debug|x64
		{63501A19-B7AF-471B-8794-254166FF1A50}.Debug|x64.Build.0 = Debug|x64
		{63501A19-B7AF-471B-8794-254166FF1A50}.Debug|x86.ActiveCfg = Debug|Win32
		{63501A19-B7AF-471B-8794-254166FF1A50}.Debug|x86.Build.0 = Debug|Win32
		{63501A19-B7AF-471B-8794-254166FF1A50}.Release|x64.ActiveCfg = Release|x64
		{63501A19-B7AF-471B-8794-254166FF1A50}.Release|x64.Build.0 = Release|x64
		{63501A19-B7AF-471B-8794-254166FF1A50}.Release|x86.ActiveCfg = Release|Win32
		{63501A19-B7AF-471B-8794-254166FF1A50}.Release|x86.Build.0 = Release|Win32
	EndGlobalSection
	GlobalSection(SolutionProperties) = preSolution
		HideSolutionNode = FALSE
	EndGlobalSection
	GlobalSection(ExtensibilityGlobals) = postSolution
		SolutionGuid = {F2D4CCC5-4335-46CA-AAFF-5A34BAB93B05}
	EndGlobalSection
EndGlobal
